
Microsoft Visual Studio Solution File, Format Version 12.00
# Visual Studio 2013
VisualStudioVersion = 12.0.21005.1
MinimumVisualStudioVersion = 10.0.40219.1
Project("{8BC9CEB8-8B4A-11D0-8D11-00A0C91BC942}") = "Project1", "Project1\DataStructerDesign.vcxproj", "{CDD47338-B85F-43D8-931C-E80FC7F11D7B}"
EndProject
Project("{8BC9CEB8-8B4A-11D0-8D11-00A0C91BC942}") = "Project2", "Project2\Project2.vcxproj", "{78D18F5E-1E04-4187-8AF5-E52764353D9B}"
EndProject
Project("{8BC9CEB8-8B4A-11D0-8D11-00A0C91BC942}") = "Project3", "Project3\Project3.vcxproj", "{31447D04-D513-4235-85B6-F01BFB7D9CEC}"
EndProject
Project("{8BC9CEB8-8B4A-11D0-8D11-00A0C91BC942}") = "Project4", "Project4\Project4.vcxproj", "{80E5E289-99F4-4062-B3CE-FE24F6893994}"
EndProject
Project("{8BC9CEB8-8B4A-11D0-8D11-00A0C91BC942}") = "Project5", "Project5\Project5.vcxproj", "{D0EA301A-1413-4FA7-8C54-21E248464BD1}"
EndProject
Project("{8BC9CEB8-8B4A-11D0-8D11-00A0C91BC942}") = "Project6", "Project6\Project6.vcxproj", "{4D5A7898-4462-46C0-ABD7-3FE21C35F080}"
EndProject
Project("{8BC9CEB8-8B4A-11D0-8D11-00A0C91BC942}") = "Project7", "Project7\Project7.vcxproj", "{675E46C3-EDD8-4971-AE7A-526623F70282}"
EndProject
Project("{8BC9CEB8-8B4A-11D0-8D11-00A0C91BC942}") = "Project8", "Project8\Project8.vcxproj", "{2FF30637-A063-487F-8603-EE2C50836D42}"
EndProject
Project("{8BC9CEB8-8B4A-11D0-8D11-00A0C91BC942}") = "Project9", "Project9\Project9.vcxproj", "{3B75CB08-1F78-40D2-A3BB-F95304223A40}"
EndProject
Project("{8BC9CEB8-8B4A-11D0-8D11-00A0C91BC942}") = "Project10", "Project10\Project10.vcxproj", "{D918693F-5122-488A-8FA1-47EAD418F89D}"
EndProject
Global
	GlobalSection(SolutionConfigurationPlatforms) = preSolution
		Debug|Win32 = Debug|Win32
		Release|Win32 = Release|Win32
	EndGlobalSection
	GlobalSection(ProjectConfigurationPlatforms) = postSolution
		{CDD47338-B85F-43D8-931C-E80FC7F11D7B}.Debug|Win32.ActiveCfg = Debug|Win32
		{CDD47338-B85F-43D8-931C-E80FC7F11D7B}.Debug|Win32.Build.0 = Debug|Win32
		{CDD47338-B85F-43D8-931C-E80FC7F11D7B}.Release|Win32.ActiveCfg = Release|Win32
		{CDD47338-B85F-43D8-931C-E80FC7F11D7B}.Release|Win32.Build.0 = Release|Win32
		{78D18F5E-1E04-4187-8AF5-E52764353D9B}.Debug|Win32.ActiveCfg = Debug|Win32
		{78D18F5E-1E04-4187-8AF5-E52764353D9B}.Debug|Win32.Build.0 = Debug|Win32
		{78D18F5E-1E04-4187-8AF5-E52764353D9B}.Release|Win32.ActiveCfg = Release|Win32
		{78D18F5E-1E04-4187-8AF5-E52764353D9B}.Release|Win32.Build.0 = Release|Win32
		{31447D04-D513-4235-85B6-F01BFB7D9CEC}.Debug|Win32.ActiveCfg = Debug|Win32
		{31447D04-D513-4235-85B6-F01BFB7D9CEC}.Debug|Win32.Build.0 = Debug|Win32
		{31447D04-D513-4235-85B6-F01BFB7D9CEC}.Release|Win32.ActiveCfg = Release|Win32
		{31447D04-D513-4235-85B6-F01BFB7D9CEC}.Release|Win32.Build.0 = Release|Win32
		{80E5E289-99F4-4062-B3CE-FE24F6893994}.Debug|Win32.ActiveCfg = Debug|Win32
		{80E5E289-99F4-4062-B3CE-FE24F6893994}.Debug|Win32.Build.0 = Debug|Win32
		{80E5E289-99F4-4062-B3CE-FE24F6893994}.Release|Win32.ActiveCfg = Release|Win32
		{80E5E289-99F4-4062-B3CE-FE24F6893994}.Release|Win32.Build.0 = Release|Win32
		{D0EA301A-1413-4FA7-8C54-21E248464BD1}.Debug|Win32.ActiveCfg = Debug|Win32
		{D0EA301A-1413-4FA7-8C54-21E248464BD1}.Debug|Win32.Build.0 = Debug|Win32
		{D0EA301A-1413-4FA7-8C54-21E248464BD1}.Release|Win32.ActiveCfg = Release|Win32
		{D0EA301A-1413-4FA7-8C54-21E248464BD1}.Release|Win32.Build.0 = Release|Win32
		{4D5A7898-4462-46C0-ABD7-3FE21C35F080}.Debug|Win32.ActiveCfg = Debug|Win32
		{4D5A7898-4462-46C0-ABD7-3FE21C35F080}.Debug|Win32.Build.0 = Debug|Win32
		{4D5A7898-4462-46C0-ABD7-3FE21C35F080}.Release|Win32.ActiveCfg = Release|Win32
		{4D5A7898-4462-46C0-ABD7-3FE21C35F080}.Release|Win32.Build.0 = Release|Win32
		{675E46C3-EDD8-4971-AE7A-526623F70282}.Debug|Win32.ActiveCfg = Debug|Win32
		{675E46C3-EDD8-4971-AE7A-526623F70282}.Debug|Win32.Build.0 = Debug|Win32
		{675E46C3-EDD8-4971-AE7A-526623F70282}.Release|Win32.ActiveCfg = Release|Win32
		{675E46C3-EDD8-4971-AE7A-526623F70282}.Release|Win32.Build.0 = Release|Win32
		{2FF30637-A063-487F-8603-EE2C50836D42}.Debug|Win32.ActiveCfg = Debug|Win32
		{2FF30637-A063-487F-8603-EE2C50836D42}.Debug|Win32.Build.0 = Debug|Win32
		{2FF30637-A063-487F-8603-EE2C50836D42}.Release|Win32.ActiveCfg = Release|Win32
		{2FF30637-A063-487F-8603-EE2C50836D42}.Release|Win32.Build.0 = Release|Win32
		{3B75CB08-1F78-40D2-A3BB-F95304223A40}.Debug|Win32.ActiveCfg = Debug|Win32
		{3B75CB08-1F78-40D2-A3BB-F95304223A40}.Debug|Win32.Build.0 = Debug|Win32
		{3B75CB08-1F78-40D2-A3BB-F95304223A40}.Release|Win32.ActiveCfg = Release|Win32
		{3B75CB08-1F78-40D2-A3BB-F95304223A40}.Release|Win32.Build.0 = Release|Win32
		{D918693F-5122-488A-8FA1-47EAD418F89D}.Debug|Win32.ActiveCfg = Debug|Win32
		{D918693F-5122-488A-8FA1-47EAD418F89D}.Debug|Win32.Build.0 = Debug|Win32
		{D918693F-5122-488A-8FA1-47EAD418F89D}.Release|Win32.ActiveCfg = Release|Win32
		{D918693F-5122-488A-8FA1-47EAD418F89D}.Release|Win32.Build.0 = Release|Win32
	EndGlobalSection
	GlobalSection(SolutionProperties) = preSolution
		HideSolutionNode = FALSE
	EndGlobalSection
EndGlobal
